// !$*UTF8*$!
{
	archiveVersion = 1;
	classes = {
	};
	objectVersion = 50;
	objects = {

/* Begin PBXBuildFile section */
		F52AD202269C54AF001FF23E /* UIViewController+EXT.swift in Sources */ = {isa = PBXBuildFile; fileRef = F52AD201269C54AF001FF23E /* UIViewController+EXT.swift */; };
		F52AD208269CF1D6001FF23E /* GFContainerView.swift in Sources */ = {isa = PBXBuildFile; fileRef = F52AD207269CF1D6001FF23E /* GFContainerView.swift */; };
		F52AD20B269CF50D001FF23E /* Follower.swift in Sources */ = {isa = PBXBuildFile; fileRef = F52AD20A269CF50D001FF23E /* Follower.swift */; };
		F52AD20D269CF5E2001FF23E /* User.swift in Sources */ = {isa = PBXBuildFile; fileRef = F52AD20C269CF5E2001FF23E /* User.swift */; };
		F52AD210269CFBF9001FF23E /* NetworkManager.swift in Sources */ = {isa = PBXBuildFile; fileRef = F52AD20F269CFBF9001FF23E /* NetworkManager.swift */; };
		F57BE60D26D510D600DE7594 /* GFRepoItemVC.swift in Sources */ = {isa = PBXBuildFile; fileRef = F57BE60C26D510D600DE7594 /* GFRepoItemVC.swift */; };
		F57BE60F26D5138B00DE7594 /* GFFollowerItemVC.swift in Sources */ = {isa = PBXBuildFile; fileRef = F57BE60E26D5138B00DE7594 /* GFFollowerItemVC.swift */; };
		F57BE61226D51C1200DE7594 /* Date+EXT.swift in Sources */ = {isa = PBXBuildFile; fileRef = F57BE61126D51C1200DE7594 /* Date+EXT.swift */; };
		F57BE61426D51C6400DE7594 /* String+EXT.swift in Sources */ = {isa = PBXBuildFile; fileRef = F57BE61326D51C6400DE7594 /* String+EXT.swift */; };
		F58DE4F1269E4C8F006C101A /* FollowerCell.swift in Sources */ = {isa = PBXBuildFile; fileRef = F58DE4F0269E4C8F006C101A /* FollowerCell.swift */; };
		F58DE4F3269E4E5B006C101A /* GFAvatarImageView.swift in Sources */ = {isa = PBXBuildFile; fileRef = F58DE4F2269E4E5B006C101A /* GFAvatarImageView.swift */; };
		F58DE4F526A16904006C101A /* UIHelper.swift in Sources */ = {isa = PBXBuildFile; fileRef = F58DE4F426A16904006C101A /* UIHelper.swift */; };
		F58DE50826A6F78C006C101A /* GFEmptyStateView.swift in Sources */ = {isa = PBXBuildFile; fileRef = F58DE50726A6F78C006C101A /* GFEmptyStateView.swift */; };
		F590568226D3ACF3008A2893 /* GFItemInfoView.swift in Sources */ = {isa = PBXBuildFile; fileRef = F590568126D3ACF3008A2893 /* GFItemInfoView.swift */; };
		F590568426D3B284008A2893 /* GFItemInfoVC.swift in Sources */ = {isa = PBXBuildFile; fileRef = F590568326D3B284008A2893 /* GFItemInfoVC.swift */; };
		F5A293EC26AA62960045089D /* UserInfoVC.swift in Sources */ = {isa = PBXBuildFile; fileRef = F5A293EB26AA62960045089D /* UserInfoVC.swift */; };
		F5A5756926979A18003D0056 /* AppDelegate.swift in Sources */ = {isa = PBXBuildFile; fileRef = F5A5756826979A18003D0056 /* AppDelegate.swift */; };
		F5A5756B26979A18003D0056 /* SceneDelegate.swift in Sources */ = {isa = PBXBuildFile; fileRef = F5A5756A26979A18003D0056 /* SceneDelegate.swift */; };
		F5A5757226979A1A003D0056 /* Assets.xcassets in Resources */ = {isa = PBXBuildFile; fileRef = F5A5757126979A1A003D0056 /* Assets.xcassets */; };
		F5A5757526979A1A003D0056 /* LaunchScreen.storyboard in Resources */ = {isa = PBXBuildFile; fileRef = F5A5757326979A1A003D0056 /* LaunchScreen.storyboard */; };
		F5A5757D2697A0B5003D0056 /* SearchVC.swift in Sources */ = {isa = PBXBuildFile; fileRef = F5A5757C2697A0B5003D0056 /* SearchVC.swift */; };
		F5A5757F2697A0E6003D0056 /* FavouriteListVC.swift in Sources */ = {isa = PBXBuildFile; fileRef = F5A5757E2697A0E6003D0056 /* FavouriteListVC.swift */; };
		F5A5758126986333003D0056 /* GFButton.swift in Sources */ = {isa = PBXBuildFile; fileRef = F5A5758026986333003D0056 /* GFButton.swift */; };
		F5A57583269867D0003D0056 /* GFTextField.swift in Sources */ = {isa = PBXBuildFile; fileRef = F5A57582269867D0003D0056 /* GFTextField.swift */; };
		F5A5758526998FF7003D0056 /* FollowerListVC.swift in Sources */ = {isa = PBXBuildFile; fileRef = F5A5758426998FF7003D0056 /* FollowerListVC.swift */; };
		F5BC916A26AC38F2008E9841 /* GFError.swift in Sources */ = {isa = PBXBuildFile; fileRef = F5BC916926AC38F2008E9841 /* GFError.swift */; };
		F5BC916E26AF4771008E9841 /* GFUserInfoHeaderVC.swift in Sources */ = {isa = PBXBuildFile; fileRef = F5BC916D26AF4771008E9841 /* GFUserInfoHeaderVC.swift */; };
		F5BC917026AF47ED008E9841 /* GFSecondaryTitleLabel.swift in Sources */ = {isa = PBXBuildFile; fileRef = F5BC916F26AF47ED008E9841 /* GFSecondaryTitleLabel.swift */; };
		F5D3F790269AE08E0042E8BE /* GFTitleLabel.swift in Sources */ = {isa = PBXBuildFile; fileRef = F5D3F78F269AE08E0042E8BE /* GFTitleLabel.swift */; };
		F5D3F792269B0FD40042E8BE /* GFBodyLabel.swift in Sources */ = {isa = PBXBuildFile; fileRef = F5D3F791269B0FD40042E8BE /* GFBodyLabel.swift */; };
		F5D3F794269B10BF0042E8BE /* GFAlertVC.swift in Sources */ = {isa = PBXBuildFile; fileRef = F5D3F793269B10BF0042E8BE /* GFAlertVC.swift */; };
		F5DF86B426B034690013EBA7 /* Constants.swift in Sources */ = {isa = PBXBuildFile; fileRef = F5DF86B326B034690013EBA7 /* Constants.swift */; };
/* End PBXBuildFile section */

/* Begin PBXFileReference section */
		F52AD201269C54AF001FF23E /* UIViewController+EXT.swift */ = {isa = PBXFileReference; lastKnownFileType = sourcecode.swift; path = "UIViewController+EXT.swift"; sourceTree = "<group>"; };
		F52AD207269CF1D6001FF23E /* GFContainerView.swift */ = {isa = PBXFileReference; lastKnownFileType = sourcecode.swift; path = GFContainerView.swift; sourceTree = "<group>"; };
		F52AD20A269CF50D001FF23E /* Follower.swift */ = {isa = PBXFileReference; lastKnownFileType = sourcecode.swift; path = Follower.swift; sourceTree = "<group>"; };
		F52AD20C269CF5E2001FF23E /* User.swift */ = {isa = PBXFileReference; lastKnownFileType = sourcecode.swift; path = User.swift; sourceTree = "<group>"; };
		F52AD20F269CFBF9001FF23E /* NetworkManager.swift */ = {isa = PBXFileReference; lastKnownFileType = sourcecode.swift; path = NetworkManager.swift; sourceTree = "<group>"; };
		F57BE60C26D510D600DE7594 /* GFRepoItemVC.swift */ = {isa = PBXFileReference; lastKnownFileType = sourcecode.swift; path = GFRepoItemVC.swift; sourceTree = "<group>"; };
		F57BE60E26D5138B00DE7594 /* GFFollowerItemVC.swift */ = {isa = PBXFileReference; lastKnownFileType = sourcecode.swift; path = GFFollowerItemVC.swift; sourceTree = "<group>"; };
		F57BE61126D51C1200DE7594 /* Date+EXT.swift */ = {isa = PBXFileReference; lastKnownFileType = sourcecode.swift; path = "Date+EXT.swift"; sourceTree = "<group>"; };
		F57BE61326D51C6400DE7594 /* String+EXT.swift */ = {isa = PBXFileReference; lastKnownFileType = sourcecode.swift; path = "String+EXT.swift"; sourceTree = "<group>"; };
		F58DE4F0269E4C8F006C101A /* FollowerCell.swift */ = {isa = PBXFileReference; lastKnownFileType = sourcecode.swift; path = FollowerCell.swift; sourceTree = "<group>"; };
		F58DE4F2269E4E5B006C101A /* GFAvatarImageView.swift */ = {isa = PBXFileReference; lastKnownFileType = sourcecode.swift; path = GFAvatarImageView.swift; sourceTree = "<group>"; };
		F58DE4F426A16904006C101A /* UIHelper.swift */ = {isa = PBXFileReference; lastKnownFileType = sourcecode.swift; path = UIHelper.swift; sourceTree = "<group>"; };
		F58DE50726A6F78C006C101A /* GFEmptyStateView.swift */ = {isa = PBXFileReference; lastKnownFileType = sourcecode.swift; path = GFEmptyStateView.swift; sourceTree = "<group>"; };
		F590568126D3ACF3008A2893 /* GFItemInfoView.swift */ = {isa = PBXFileReference; lastKnownFileType = sourcecode.swift; path = GFItemInfoView.swift; sourceTree = "<group>"; };
		F590568326D3B284008A2893 /* GFItemInfoVC.swift */ = {isa = PBXFileReference; lastKnownFileType = sourcecode.swift; path = GFItemInfoVC.swift; sourceTree = "<group>"; };
		F5A293EB26AA62960045089D /* UserInfoVC.swift */ = {isa = PBXFileReference; lastKnownFileType = sourcecode.swift; path = UserInfoVC.swift; sourceTree = "<group>"; };
		F5A5756526979A18003D0056 /* GHFollowers.app */ = {isa = PBXFileReference; explicitFileType = wrapper.application; includeInIndex = 0; path = GHFollowers.app; sourceTree = BUILT_PRODUCTS_DIR; };
		F5A5756826979A18003D0056 /* AppDelegate.swift */ = {isa = PBXFileReference; lastKnownFileType = sourcecode.swift; path = AppDelegate.swift; sourceTree = "<group>"; };
		F5A5756A26979A18003D0056 /* SceneDelegate.swift */ = {isa = PBXFileReference; lastKnownFileType = sourcecode.swift; path = SceneDelegate.swift; sourceTree = "<group>"; };
		F5A5757126979A1A003D0056 /* Assets.xcassets */ = {isa = PBXFileReference; lastKnownFileType = folder.assetcatalog; path = Assets.xcassets; sourceTree = "<group>"; };
		F5A5757426979A1A003D0056 /* Base */ = {isa = PBXFileReference; lastKnownFileType = file.storyboard; name = Base; path = Base.lproj/LaunchScreen.storyboard; sourceTree = "<group>"; };
		F5A5757626979A1A003D0056 /* Info.plist */ = {isa = PBXFileReference; lastKnownFileType = text.plist.xml; path = Info.plist; sourceTree = "<group>"; };
		F5A5757C2697A0B5003D0056 /* SearchVC.swift */ = {isa = PBXFileReference; lastKnownFileType = sourcecode.swift; path = SearchVC.swift; sourceTree = "<group>"; };
		F5A5757E2697A0E6003D0056 /* FavouriteListVC.swift */ = {isa = PBXFileReference; lastKnownFileType = sourcecode.swift; path = FavouriteListVC.swift; sourceTree = "<group>"; };
		F5A5758026986333003D0056 /* GFButton.swift */ = {isa = PBXFileReference; lastKnownFileType = sourcecode.swift; path = GFButton.swift; sourceTree = "<group>"; };
		F5A57582269867D0003D0056 /* GFTextField.swift */ = {isa = PBXFileReference; lastKnownFileType = sourcecode.swift; path = GFTextField.swift; sourceTree = "<group>"; };
		F5A5758426998FF7003D0056 /* FollowerListVC.swift */ = {isa = PBXFileReference; lastKnownFileType = sourcecode.swift; path = FollowerListVC.swift; sourceTree = "<group>"; };
		F5BC916926AC38F2008E9841 /* GFError.swift */ = {isa = PBXFileReference; lastKnownFileType = sourcecode.swift; path = GFError.swift; sourceTree = "<group>"; };
		F5BC916D26AF4771008E9841 /* GFUserInfoHeaderVC.swift */ = {isa = PBXFileReference; lastKnownFileType = sourcecode.swift; path = GFUserInfoHeaderVC.swift; sourceTree = "<group>"; };
		F5BC916F26AF47ED008E9841 /* GFSecondaryTitleLabel.swift */ = {isa = PBXFileReference; lastKnownFileType = sourcecode.swift; path = GFSecondaryTitleLabel.swift; sourceTree = "<group>"; };
		F5D3F78F269AE08E0042E8BE /* GFTitleLabel.swift */ = {isa = PBXFileReference; lastKnownFileType = sourcecode.swift; path = GFTitleLabel.swift; sourceTree = "<group>"; };
		F5D3F791269B0FD40042E8BE /* GFBodyLabel.swift */ = {isa = PBXFileReference; lastKnownFileType = sourcecode.swift; path = GFBodyLabel.swift; sourceTree = "<group>"; };
		F5D3F793269B10BF0042E8BE /* GFAlertVC.swift */ = {isa = PBXFileReference; lastKnownFileType = sourcecode.swift; path = GFAlertVC.swift; sourceTree = "<group>"; };
		F5DF86B326B034690013EBA7 /* Constants.swift */ = {isa = PBXFileReference; lastKnownFileType = sourcecode.swift; path = Constants.swift; sourceTree = "<group>"; };
/* End PBXFileReference section */

/* Begin PBXFrameworksBuildPhase section */
		F5A5756226979A18003D0056 /* Frameworks */ = {
			isa = PBXFrameworksBuildPhase;
			buildActionMask = 2147483647;
			files = (
			);
			runOnlyForDeploymentPostprocessing = 0;
		};
/* End PBXFrameworksBuildPhase section */

/* Begin PBXGroup section */
		F52AD203269C5EBF001FF23E /* Screens */ = {
			isa = PBXGroup;
			children = (
				F5A5757C2697A0B5003D0056 /* SearchVC.swift */,
				F5A5757E2697A0E6003D0056 /* FavouriteListVC.swift */,
				F5A5758426998FF7003D0056 /* FollowerListVC.swift */,
				F5A293EB26AA62960045089D /* UserInfoVC.swift */,
			);
			path = Screens;
			sourceTree = "<group>";
		};
		F52AD204269C5EF2001FF23E /* Custom Views */ = {
			isa = PBXGroup;
			children = (
				F58DE50626A6F727006C101A /* Labels */,
				F58DE50526A6F701006C101A /* viewControllers */,
				F58DE50426A6F6FA006C101A /* ImageViews */,
				F58DE50326A6F6CD006C101A /* TextFields */,
				F58DE50226A6F6C5006C101A /* Buttons */,
				F58DE50126A6F6B4006C101A /* Views */,
				F58DE4EF269E4C71006C101A /* Cells */,
			);
			path = "Custom Views";
			sourceTree = "<group>";
		};
		F52AD205269C5F23001FF23E /* Extensions */ = {
			isa = PBXGroup;
			children = (
				F52AD201269C54AF001FF23E /* UIViewController+EXT.swift */,
				F57BE61126D51C1200DE7594 /* Date+EXT.swift */,
				F57BE61326D51C6400DE7594 /* String+EXT.swift */,
			);
			path = Extensions;
			sourceTree = "<group>";
		};
		F52AD206269C5F8A001FF23E /* Support */ = {
			isa = PBXGroup;
			children = (
				F5A5756826979A18003D0056 /* AppDelegate.swift */,
				F5A5756A26979A18003D0056 /* SceneDelegate.swift */,
				F5A5757326979A1A003D0056 /* LaunchScreen.storyboard */,
				F5A5757126979A1A003D0056 /* Assets.xcassets */,
			);
			path = Support;
			sourceTree = "<group>";
		};
		F52AD209269CF4FD001FF23E /* Model */ = {
			isa = PBXGroup;
			children = (
				F52AD20A269CF50D001FF23E /* Follower.swift */,
				F52AD20C269CF5E2001FF23E /* User.swift */,
			);
			path = Model;
			sourceTree = "<group>";
		};
		F52AD20E269CFBDB001FF23E /* Managers */ = {
			isa = PBXGroup;
			children = (
				F52AD20F269CFBF9001FF23E /* NetworkManager.swift */,
			);
			path = Managers;
			sourceTree = "<group>";
		};
		F57BE61026D513DB00DE7594 /* ItemInfoVCs */ = {
			isa = PBXGroup;
			children = (
				F590568326D3B284008A2893 /* GFItemInfoVC.swift */,
				F57BE60C26D510D600DE7594 /* GFRepoItemVC.swift */,
				F57BE60E26D5138B00DE7594 /* GFFollowerItemVC.swift */,
			);
			path = ItemInfoVCs;
			sourceTree = "<group>";
		};
		F58DE4EC269E4522006C101A /* Utilities */ = {
			isa = PBXGroup;
			children = (
				F58DE4F426A16904006C101A /* UIHelper.swift */,
				F5BC916926AC38F2008E9841 /* GFError.swift */,
				F5DF86B326B034690013EBA7 /* Constants.swift */,
			);
			path = Utilities;
			sourceTree = "<group>";
		};
		F58DE4EF269E4C71006C101A /* Cells */ = {
			isa = PBXGroup;
			children = (
				F58DE4F0269E4C8F006C101A /* FollowerCell.swift */,
			);
			path = Cells;
			sourceTree = "<group>";
		};
		F58DE50126A6F6B4006C101A /* Views */ = {
			isa = PBXGroup;
			children = (
				F52AD207269CF1D6001FF23E /* GFContainerView.swift */,
				F58DE50726A6F78C006C101A /* GFEmptyStateView.swift */,
				F590568126D3ACF3008A2893 /* GFItemInfoView.swift */,
			);
			path = Views;
			sourceTree = "<group>";
		};
		F58DE50226A6F6C5006C101A /* Buttons */ = {
			isa = PBXGroup;
			children = (
				F5A5758026986333003D0056 /* GFButton.swift */,
			);
			path = Buttons;
			sourceTree = "<group>";
		};
		F58DE50326A6F6CD006C101A /* TextFields */ = {
			isa = PBXGroup;
			children = (
				F5A57582269867D0003D0056 /* GFTextField.swift */,
			);
			path = TextFields;
			sourceTree = "<group>";
		};
		F58DE50426A6F6FA006C101A /* ImageViews */ = {
			isa = PBXGroup;
			children = (
				F58DE4F2269E4E5B006C101A /* GFAvatarImageView.swift */,
			);
			path = ImageViews;
			sourceTree = "<group>";
		};
		F58DE50526A6F701006C101A /* viewControllers */ = {
			isa = PBXGroup;
			children = (
				F57BE61026D513DB00DE7594 /* ItemInfoVCs */,
				F5D3F793269B10BF0042E8BE /* GFAlertVC.swift */,
				F5BC916D26AF4771008E9841 /* GFUserInfoHeaderVC.swift */,
			);
			path = viewControllers;
			sourceTree = "<group>";
		};
		F58DE50626A6F727006C101A /* Labels */ = {
			isa = PBXGroup;
			children = (
				F5D3F78F269AE08E0042E8BE /* GFTitleLabel.swift */,
				F5D3F791269B0FD40042E8BE /* GFBodyLabel.swift */,
				F5BC916F26AF47ED008E9841 /* GFSecondaryTitleLabel.swift */,
			);
			path = Labels;
			sourceTree = "<group>";
		};
		F5A5755C26979A18003D0056 = {
			isa = PBXGroup;
			children = (
				F5A5756726979A18003D0056 /* GHFollowers */,
				F5A5756626979A18003D0056 /* Products */,
			);
			sourceTree = "<group>";
		};
		F5A5756626979A18003D0056 /* Products */ = {
			isa = PBXGroup;
			children = (
				F5A5756526979A18003D0056 /* GHFollowers.app */,
			);
			name = Products;
			sourceTree = "<group>";
		};
		F5A5756726979A18003D0056 /* GHFollowers */ = {
			isa = PBXGroup;
			children = (
				F58DE4EC269E4522006C101A /* Utilities */,
				F52AD20E269CFBDB001FF23E /* Managers */,
				F52AD209269CF4FD001FF23E /* Model */,
				F52AD206269C5F8A001FF23E /* Support */,
				F52AD205269C5F23001FF23E /* Extensions */,
				F52AD204269C5EF2001FF23E /* Custom Views */,
				F52AD203269C5EBF001FF23E /* Screens */,
				F5A5757626979A1A003D0056 /* Info.plist */,
			);
			path = GHFollowers;
			sourceTree = "<group>";
		};
/* End PBXGroup section */

/* Begin PBXNativeTarget section */
		F5A5756426979A18003D0056 /* GHFollowers */ = {
			isa = PBXNativeTarget;
			buildConfigurationList = F5A5757926979A1A003D0056 /* Build configuration list for PBXNativeTarget "GHFollowers" */;
			buildPhases = (
				F5A5756126979A18003D0056 /* Sources */,
				F5A5756226979A18003D0056 /* Frameworks */,
				F5A5756326979A18003D0056 /* Resources */,
			);
			buildRules = (
			);
			dependencies = (
			);
			name = GHFollowers;
			productName = GHFollowers;
			productReference = F5A5756526979A18003D0056 /* GHFollowers.app */;
			productType = "com.apple.product-type.application";
		};
/* End PBXNativeTarget section */

/* Begin PBXProject section */
		F5A5755D26979A18003D0056 /* Project object */ = {
			isa = PBXProject;
			attributes = {
				LastSwiftUpdateCheck = 1250;
				LastUpgradeCheck = 1250;
				TargetAttributes = {
					F5A5756426979A18003D0056 = {
						CreatedOnToolsVersion = 12.5.1;
					};
				};
			};
			buildConfigurationList = F5A5756026979A18003D0056 /* Build configuration list for PBXProject "GHFollowers" */;
			compatibilityVersion = "Xcode 9.3";
			developmentRegion = en;
			hasScannedForEncodings = 0;
			knownRegions = (
				en,
				Base,
			);
			mainGroup = F5A5755C26979A18003D0056;
			productRefGroup = F5A5756626979A18003D0056 /* Products */;
			projectDirPath = "";
			projectRoot = "";
			targets = (
				F5A5756426979A18003D0056 /* GHFollowers */,
			);
		};
/* End PBXProject section */

/* Begin PBXResourcesBuildPhase section */
		F5A5756326979A18003D0056 /* Resources */ = {
			isa = PBXResourcesBuildPhase;
			buildActionMask = 2147483647;
			files = (
				F5A5757526979A1A003D0056 /* LaunchScreen.storyboard in Resources */,
				F5A5757226979A1A003D0056 /* Assets.xcassets in Resources */,
			);
			runOnlyForDeploymentPostprocessing = 0;
		};
/* End PBXResourcesBuildPhase section */

/* Begin PBXSourcesBuildPhase section */
		F5A5756126979A18003D0056 /* Sources */ = {
			isa = PBXSourcesBuildPhase;
			buildActionMask = 2147483647;
			files = (
				F5A5757D2697A0B5003D0056 /* SearchVC.swift in Sources */,
				F5A5758126986333003D0056 /* GFButton.swift in Sources */,
				F5A5757F2697A0E6003D0056 /* FavouriteListVC.swift in Sources */,
				F57BE61226D51C1200DE7594 /* Date+EXT.swift in Sources */,
				F5BC916E26AF4771008E9841 /* GFUserInfoHeaderVC.swift in Sources */,
				F5A5756926979A18003D0056 /* AppDelegate.swift in Sources */,
				F5D3F794269B10BF0042E8BE /* GFAlertVC.swift in Sources */,
				F58DE50826A6F78C006C101A /* GFEmptyStateView.swift in Sources */,
				F5BC917026AF47ED008E9841 /* GFSecondaryTitleLabel.swift in Sources */,
				F52AD202269C54AF001FF23E /* UIViewController+EXT.swift in Sources */,
				F52AD20D269CF5E2001FF23E /* User.swift in Sources */,
				F5BC916A26AC38F2008E9841 /* GFError.swift in Sources */,
				F58DE4F1269E4C8F006C101A /* FollowerCell.swift in Sources */,
				F57BE60D26D510D600DE7594 /* GFRepoItemVC.swift in Sources */,
				F57BE61426D51C6400DE7594 /* String+EXT.swift in Sources */,
				F58DE4F3269E4E5B006C101A /* GFAvatarImageView.swift in Sources */,
				F5A5756B26979A18003D0056 /* SceneDelegate.swift in Sources */,
				F5A293EC26AA62960045089D /* UserInfoVC.swift in Sources */,
				F52AD20B269CF50D001FF23E /* Follower.swift in Sources */,
				F5D3F790269AE08E0042E8BE /* GFTitleLabel.swift in Sources */,
				F5A5758526998FF7003D0056 /* FollowerListVC.swift in Sources */,
				F590568426D3B284008A2893 /* GFItemInfoVC.swift in Sources */,
				F57BE60F26D5138B00DE7594 /* GFFollowerItemVC.swift in Sources */,
				F5A57583269867D0003D0056 /* GFTextField.swift in Sources */,
				F58DE4F526A16904006C101A /* UIHelper.swift in Sources */,
				F52AD210269CFBF9001FF23E /* NetworkManager.swift in Sources */,
				F5D3F792269B0FD40042E8BE /* GFBodyLabel.swift in Sources */,
				F590568226D3ACF3008A2893 /* GFItemInfoView.swift in Sources */,
				F52AD208269CF1D6001FF23E /* GFContainerView.swift in Sources */,
				F5DF86B426B034690013EBA7 /* Constants.swift in Sources */,
			);
			runOnlyForDeploymentPostprocessing = 0;
		};
/* End PBXSourcesBuildPhase section */

/* Begin PBXVariantGroup section */
		F5A5757326979A1A003D0056 /* LaunchScreen.storyboard */ = {
			isa = PBXVariantGroup;
			children = (
				F5A5757426979A1A003D0056 /* Base */,
			);
			name = LaunchScreen.storyboard;
			sourceTree = "<group>";
		};
/* End PBXVariantGroup section */

/* Begin XCBuildConfiguration section */
		F5A5757726979A1A003D0056 /* Debug */ = {
			isa = XCBuildConfiguration;
			buildSettings = {
				ALWAYS_SEARCH_USER_PATHS = NO;
				CLANG_ANALYZER_NONNULL = YES;
				CLANG_ANALYZER_NUMBER_OBJECT_CONVERSION = YES_AGGRESSIVE;
				CLANG_CXX_LANGUAGE_STANDARD = "gnu++14";
				CLANG_CXX_LIBRARY = "libc++";
				CLANG_ENABLE_MODULES = YES;
				CLANG_ENABLE_OBJC_ARC = YES;
				CLANG_ENABLE_OBJC_WEAK = YES;
				CLANG_WARN_BLOCK_CAPTURE_AUTORELEASING = YES;
				CLANG_WARN_BOOL_CONVERSION = YES;
				CLANG_WARN_COMMA = YES;
				CLANG_WARN_CONSTANT_CONVERSION = YES;
				CLANG_WARN_DEPRECATED_OBJC_IMPLEMENTATIONS = YES;
				CLANG_WARN_DIRECT_OBJC_ISA_USAGE = YES_ERROR;
				CLANG_WARN_DOCUMENTATION_COMMENTS = YES;
				CLANG_WARN_EMPTY_BODY = YES;
				CLANG_WARN_ENUM_CONVERSION = YES;
				CLANG_WARN_INFINITE_RECURSION = YES;
				CLANG_WARN_INT_CONVERSION = YES;
				CLANG_WARN_NON_LITERAL_NULL_CONVERSION = YES;
				CLANG_WARN_OBJC_IMPLICIT_RETAIN_SELF = YES;
				CLANG_WARN_OBJC_LITERAL_CONVERSION = YES;
				CLANG_WARN_OBJC_ROOT_CLASS = YES_ERROR;
				CLANG_WARN_QUOTED_INCLUDE_IN_FRAMEWORK_HEADER = YES;
				CLANG_WARN_RANGE_LOOP_ANALYSIS = YES;
				CLANG_WARN_STRICT_PROTOTYPES = YES;
				CLANG_WARN_SUSPICIOUS_MOVE = YES;
				CLANG_WARN_UNGUARDED_AVAILABILITY = YES_AGGRESSIVE;
				CLANG_WARN_UNREACHABLE_CODE = YES;
				CLANG_WARN__DUPLICATE_METHOD_MATCH = YES;
				COPY_PHASE_STRIP = NO;
				DEBUG_INFORMATION_FORMAT = dwarf;
				ENABLE_STRICT_OBJC_MSGSEND = YES;
				ENABLE_TESTABILITY = YES;
				GCC_C_LANGUAGE_STANDARD = gnu11;
				GCC_DYNAMIC_NO_PIC = NO;
				GCC_NO_COMMON_BLOCKS = YES;
				GCC_OPTIMIZATION_LEVEL = 0;
				GCC_PREPROCESSOR_DEFINITIONS = (
					"DEBUG=1",
					"$(inherited)",
				);
				GCC_WARN_64_TO_32_BIT_CONVERSION = YES;
				GCC_WARN_ABOUT_RETURN_TYPE = YES_ERROR;
				GCC_WARN_UNDECLARED_SELECTOR = YES;
				GCC_WARN_UNINITIALIZED_AUTOS = YES_AGGRESSIVE;
				GCC_WARN_UNUSED_FUNCTION = YES;
				GCC_WARN_UNUSED_VARIABLE = YES;
				IPHONEOS_DEPLOYMENT_TARGET = 14.5;
				MTL_ENABLE_DEBUG_INFO = INCLUDE_SOURCE;
				MTL_FAST_MATH = YES;
				ONLY_ACTIVE_ARCH = YES;
				SDKROOT = iphoneos;
				SWIFT_ACTIVE_COMPILATION_CONDITIONS = DEBUG;
				SWIFT_OPTIMIZATION_LEVEL = "-Onone";
			};
			name = Debug;
		};
		F5A5757826979A1A003D0056 /* Release */ = {
			isa = XCBuildConfiguration;
			buildSettings = {
				ALWAYS_SEARCH_USER_PATHS = NO;
				CLANG_ANALYZER_NONNULL = YES;
				CLANG_ANALYZER_NUMBER_OBJECT_CONVERSION = YES_AGGRESSIVE;
				CLANG_CXX_LANGUAGE_STANDARD = "gnu++14";
				CLANG_CXX_LIBRARY = "libc++";
				CLANG_ENABLE_MODULES = YES;
				CLANG_ENABLE_OBJC_ARC = YES;
				CLANG_ENABLE_OBJC_WEAK = YES;
				CLANG_WARN_BLOCK_CAPTURE_AUTORELEASING = YES;
				CLANG_WARN_BOOL_CONVERSION = YES;
				CLANG_WARN_COMMA = YES;
				CLANG_WARN_CONSTANT_CONVERSION = YES;
				CLANG_WARN_DEPRECATED_OBJC_IMPLEMENTATIONS = YES;
				CLANG_WARN_DIRECT_OBJC_ISA_USAGE = YES_ERROR;
				CLANG_WARN_DOCUMENTATION_COMMENTS = YES;
				CLANG_WARN_EMPTY_BODY = YES;
				CLANG_WARN_ENUM_CONVERSION = YES;
				CLANG_WARN_INFINITE_RECURSION = YES;
				CLANG_WARN_INT_CONVERSION = YES;
				CLANG_WARN_NON_LITERAL_NULL_CONVERSION = YES;
				CLANG_WARN_OBJC_IMPLICIT_RETAIN_SELF = YES;
				CLANG_WARN_OBJC_LITERAL_CONVERSION = YES;
				CLANG_WARN_OBJC_ROOT_CLASS = YES_ERROR;
				CLANG_WARN_QUOTED_INCLUDE_IN_FRAMEWORK_HEADER = YES;
				CLANG_WARN_RANGE_LOOP_ANALYSIS = YES;
				CLANG_WARN_STRICT_PROTOTYPES = YES;
				CLANG_WARN_SUSPICIOUS_MOVE = YES;
				CLANG_WARN_UNGUARDED_AVAILABILITY = YES_AGGRESSIVE;
				CLANG_WARN_UNREACHABLE_CODE = YES;
				CLANG_WARN__DUPLICATE_METHOD_MATCH = YES;
				COPY_PHASE_STRIP = NO;
				DEBUG_INFORMATION_FORMAT = "dwarf-with-dsym";
				ENABLE_NS_ASSERTIONS = NO;
				ENABLE_STRICT_OBJC_MSGSEND = YES;
				GCC_C_LANGUAGE_STANDARD = gnu11;
				GCC_NO_COMMON_BLOCKS = YES;
				GCC_WARN_64_TO_32_BIT_CONVERSION = YES;
				GCC_WARN_ABOUT_RETURN_TYPE = YES_ERROR;
				GCC_WARN_UNDECLARED_SELECTOR = YES;
				GCC_WARN_UNINITIALIZED_AUTOS = YES_AGGRESSIVE;
				GCC_WARN_UNUSED_FUNCTION = YES;
				GCC_WARN_UNUSED_VARIABLE = YES;
				IPHONEOS_DEPLOYMENT_TARGET = 14.5;
				MTL_ENABLE_DEBUG_INFO = NO;
				MTL_FAST_MATH = YES;
				SDKROOT = iphoneos;
				SWIFT_COMPILATION_MODE = wholemodule;
				SWIFT_OPTIMIZATION_LEVEL = "-O";
				VALIDATE_PRODUCT = YES;
			};
			name = Release;
		};
		F5A5757A26979A1A003D0056 /* Debug */ = {
			isa = XCBuildConfiguration;
			buildSettings = {
				ASSETCATALOG_COMPILER_APPICON_NAME = AppIcon;
				ASSETCATALOG_COMPILER_GLOBAL_ACCENT_COLOR_NAME = AccentColor;
				CODE_SIGN_STYLE = Automatic;
				DEVELOPMENT_TEAM = 8GYH8TXH77;
				INFOPLIST_FILE = GHFollowers/Info.plist;
				LD_RUNPATH_SEARCH_PATHS = (
					"$(inherited)",
					"@executable_path/Frameworks",
				);
				PRODUCT_BUNDLE_IDENTIFIER = VApps.GHFollowers;
				PRODUCT_NAME = "$(TARGET_NAME)";
				SWIFT_VERSION = 5.0;
				TARGETED_DEVICE_FAMILY = "1,2";
			};
			name = Debug;
		};
		F5A5757B26979A1A003D0056 /* Release */ = {
			isa = XCBuildConfiguration;
			buildSettings = {
				ASSETCATALOG_COMPILER_APPICON_NAME = AppIcon;
				ASSETCATALOG_COMPILER_GLOBAL_ACCENT_COLOR_NAME = AccentColor;
				CODE_SIGN_STYLE = Automatic;
				DEVELOPMENT_TEAM = 8GYH8TXH77;
				INFOPLIST_FILE = GHFollowers/Info.plist;
				LD_RUNPATH_SEARCH_PATHS = (
					"$(inherited)",
					"@executable_path/Frameworks",
				);
				PRODUCT_BUNDLE_IDENTIFIER = VApps.GHFollowers;
				PRODUCT_NAME = "$(TARGET_NAME)";
				SWIFT_VERSION = 5.0;
				TARGETED_DEVICE_FAMILY = "1,2";
			};
			name = Release;
		};
/* End XCBuildConfiguration section */

/* Begin XCConfigurationList section */
		F5A5756026979A18003D0056 /* Build configuration list for PBXProject "GHFollowers" */ = {
			isa = XCConfigurationList;
			buildConfigurations = (
				F5A5757726979A1A003D0056 /* Debug */,
				F5A5757826979A1A003D0056 /* Release */,
			);
			defaultConfigurationIsVisible = 0;
			defaultConfigurationName = Release;
		};
		F5A5757926979A1A003D0056 /* Build configuration list for PBXNativeTarget "GHFollowers" */ = {
			isa = XCConfigurationList;
			buildConfigurations = (
				F5A5757A26979A1A003D0056 /* Debug */,
				F5A5757B26979A1A003D0056 /* Release */,
			);
			defaultConfigurationIsVisible = 0;
			defaultConfigurationName = Release;
		};
/* End XCConfigurationList section */
	};
	rootObject = F5A5755D26979A18003D0056 /* Project object */;
}
